{
  "version": 4,
  "terraform_version": "1.8.5",
  "serial": 5,
  "lineage": "2f8a7292-16b3-b588-0d92-3ea61caa2f01",
  "outputs": {},
  "resources": [
    {
      "mode": "managed",
      "type": "newrelic_one_dashboard",
      "name": "mycustomdashboard",
      "provider": "provider[\"registry.terraform.io/newrelic/newrelic\"]",
      "instances": [
        {
          "schema_version": 0,
          "attributes": {
            "account_id": 4438277,
            "description": null,
            "guid": "NDQzODI3N3xWSVp8REFTSEJPQVJEfGRhOjY0MTg5MTA",
            "id": "NDQzODI3N3xWSVp8REFTSEJPQVJEfGRhOjY0MTg5MTA",
            "name": "New Relic Terraform dashboard",
            "page": [
              {
                "description": "",
                "guid": "NDQzODI3N3xWSVp8REFTSEJPQVJEfDE4OTE0NzQ2",
                "name": "New Relic Terraform Dashboard",
                "widget_area": [],
                "widget_bar": [
                  {
                    "colors": [],
                    "column": 7,
                    "facet_show_other_series": false,
                    "filter_current_dashboard": false,
                    "height": 3,
                    "id": "265201365",
                    "ignore_time_range": false,
                    "legend_enabled": true,
                    "linked_entity_guids": [],
                    "nrql_query": [
                      {
                        "account_id": 4438277,
                        "query": "FROM Transaction SELECT average(duration) FACET appName"
                      }
                    ],
                    "null_values": [],
                    "row": 1,
                    "title": "Average transaction duration, by application",
                    "units": [],
                    "width": 3,
                    "y_axis_left_max": 0,
                    "y_axis_left_min": 0
                  },
                  {
                    "colors": [
                      {
                        "color": "#722745",
                        "series_overrides": [
                          {
                            "color": "#722322",
                            "series_name": "Node"
                          },
                          {
                            "color": "#236f89",
                            "series_name": "Java"
                          }
                        ]
                      }
                    ],
                    "column": 1,
                    "facet_show_other_series": false,
                    "filter_current_dashboard": true,
                    "height": 3,
                    "id": "265201366",
                    "ignore_time_range": false,
                    "legend_enabled": true,
                    "linked_entity_guids": [
                      "NDQzODI3N3xWSVp8REFTSEJPQVJEfDE4OTE0NzQ2"
                    ],
                    "nrql_query": [
                      {
                        "account_id": 4438277,
                        "query": "FROM Transaction SELECT average(duration) FACET appName"
                      }
                    ],
                    "null_values": [],
                    "row": 4,
                    "title": "Average transaction duration, by application",
                    "units": [],
                    "width": 6,
                    "y_axis_left_max": 0,
                    "y_axis_left_min": 0
                  }
                ],
                "widget_billboard": [
                  {
                    "colors": [],
                    "column": 1,
                    "critical": "",
                    "facet_show_other_series": false,
                    "height": 3,
                    "id": "265201367",
                    "ignore_time_range": false,
                    "legend_enabled": true,
                    "nrql_query": [
                      {
                        "account_id": 4438277,
                        "query": "FROM Transaction SELECT rate(count(*), 1 minute)"
                      }
                    ],
                    "null_values": [],
                    "row": 1,
                    "title": "Requests per minute",
                    "units": [],
                    "warning": "",
                    "width": 6,
                    "y_axis_left_max": 0,
                    "y_axis_left_min": 0
                  }
                ],
                "widget_bullet": [],
                "widget_funnel": [],
                "widget_heatmap": [],
                "widget_histogram": [],
                "widget_json": [],
                "widget_line": [
                  {
                    "colors": [],
                    "column": 5,
                    "facet_show_other_series": false,
                    "height": 3,
                    "id": "265201368",
                    "ignore_time_range": false,
                    "is_label_visible": false,
                    "legend_enabled": true,
                    "nrql_query": [
                      {
                        "account_id": 4438277,
                        "query": "SELECT average(cpuSystemPercent), average(cpuUserPercent), average(cpuIdlePercent), average(cpuIOWaitPercent) FROM SystemSample  SINCE 1 hour ago TIMESERIES\r\n"
                      }
                    ],
                    "null_values": [
                      {
                        "null_value": "default",
                        "series_overrides": [
                          {
                            "null_value": "remove",
                            "series_name": "Avg Cpu User Percent"
                          },
                          {
                            "null_value": "zero",
                            "series_name": "Avg Cpu Idle Percent"
                          },
                          {
                            "null_value": "default",
                            "series_name": "Avg Cpu IO Wait Percent"
                          },
                          {
                            "null_value": "preserve",
                            "series_name": "Avg Cpu System Percent"
                          }
                        ]
                      }
                    ],
                    "row": 1,
                    "threshold": [],
                    "title": "Overall CPU % Statistics",
                    "units": [],
                    "width": 4,
                    "y_axis_left_max": 0,
                    "y_axis_left_min": 0,
                    "y_axis_left_zero": true,
                    "y_axis_right": []
                  },
                  {
                    "colors": [],
                    "column": 7,
                    "facet_show_other_series": false,
                    "height": 3,
                    "id": "265201369",
                    "ignore_time_range": false,
                    "is_label_visible": true,
                    "legend_enabled": true,
                    "nrql_query": [
                      {
                        "account_id": 4438277,
                        "query": "FROM Transaction select max(duration) as 'max duration' where httpResponseCode = '504' timeseries since 5 minutes ago"
                      },
                      {
                        "account_id": 4438277,
                        "query": "FROM Transaction SELECT rate(count(*), 1 minute)"
                      }
                    ],
                    "null_values": [],
                    "row": 4,
                    "threshold": [
                      {
                        "from": 1,
                        "name": "Duration Threshold",
                        "severity": "critical",
                        "to": 2
                      },
                      {
                        "from": 2.1,
                        "name": "Duration Threshold Two",
                        "severity": "warning",
                        "to": 3.3
                      }
                    ],
                    "title": "Average transaction duration and the request per minute, by application",
                    "units": [
                      {
                        "series_overrides": [
                          {
                            "series_name": "max duration",
                            "unit": "ms"
                          }
                        ],
                        "unit": "ms"
                      }
                    ],
                    "width": 6,
                    "y_axis_left_max": 1,
                    "y_axis_left_min": 0,
                    "y_axis_left_zero": true,
                    "y_axis_right": [
                      {
                        "y_axis_right_max": 300,
                        "y_axis_right_min": 0,
                        "y_axis_right_series": [
                          "A",
                          "B"
                        ],
                        "y_axis_right_zero": true
                      }
                    ]
                  }
                ],
                "widget_log_table": [],
                "widget_markdown": [
                  {
                    "colors": [],
                    "column": 1,
                    "facet_show_other_series": false,
                    "height": 3,
                    "id": "265201370",
                    "ignore_time_range": false,
                    "legend_enabled": true,
                    "null_values": [],
                    "row": 7,
                    "text": "### Helpful Links\n\n* [New Relic One](https://one.newrelic.com)\n* [Developer Portal](https://developer.newrelic.com)",
                    "title": "Dashboard Note",
                    "units": [],
                    "width": 12,
                    "y_axis_left_max": 0,
                    "y_axis_left_min": 0
                  }
                ],
                "widget_pie": [],
                "widget_stacked_bar": [],
                "widget_table": []
              }
            ],
            "permalink": "https://one.newrelic.com/redirect/entity/NDQzODI3N3xWSVp8REFTSEJPQVJEfGRhOjY0MTg5MTA",
            "permissions": "public_read_only",
            "variable": [
              {
                "default_values": [
                  "value"
                ],
                "is_multi_selection": true,
                "item": [
                  {
                    "title": "item",
                    "value": "ITEM"
                  }
                ],
                "name": "variable",
                "nrql_query": [
                  {
                    "account_ids": [
                      12345
                    ],
                    "query": "FROM Transaction SELECT average(duration) FACET appName"
                  }
                ],
                "options": [],
                "replacement_strategy": "default",
                "title": "title",
                "type": "nrql"
              }
            ]
          },
          "sensitive_attributes": [],
          "private": "bnVsbA=="
        }
      ]
    }
  ],
  "check_results": null
}
